
Microsoft Visual Studio Solution File, Format Version 11.00
# Visual Studio 2010
Project("{FAE04EC0-301F-11D3-BF4B-00C04F79EFBC}") = "RadialSliderModernExample", "RadialSliderModernExample\RadialSliderModernExample.csproj", "{32DA6F9A-54B3-4A41-A6DC-B0201EF4B3CA}"
EndProject
Global
	GlobalSection(SolutionConfigurationPlatforms) = preSolution
		Debug|Any CPU = Debug|Any CPU
		Release|Any CPU = Release|Any CPU
	EndGlobalSection
	GlobalSection(ProjectConfigurationPlatforms) = postSolution
		{32DA6F9A-54B3-4A41-A6DC-B0201EF4B3CA}.Debug|Any CPU.ActiveCfg = Debug|Any CPU
		{32DA6F9A-54B3-4A41-A6DC-B0201EF4B3CA}.Debug|Any CPU.Build.0 = Debug|Any CPU
		{32DA6F9A-54B3-4A41-A6DC-B0201EF4B3CA}.Debug|Any CPU.Deploy.0 = Debug|Any CPU
		{32DA6F9A-54B3-4A41-A6DC-B0201EF4B3CA}.Release|Any CPU.ActiveCfg = Release|Any CPU
		{32DA6F9A-54B3-4A41-A6DC-B0201EF4B3CA}.Release|Any CPU.Build.0 = Release|Any CPU
		{32DA6F9A-54B3-4A41-A6DC-B0201EF4B3CA}.Release|Any CPU.Deploy.0 = Release|Any CPU
	EndGlobalSection
	GlobalSection(SolutionProperties) = preSolution
		HideSolutionNode = FALSE
	EndGlobalSection
EndGlobal
